// !$*UTF8*$!
{
	archiveVersion = 1;
	classes = {
	};
	objectVersion = 50;
	objects = {

/* Begin PBXBuildFile section */
		1674AD1C2312AF7E000D4B3A /* AppDelegate.swift in Sources */ = {isa = PBXBuildFile; fileRef = 1674AD1B2312AF7E000D4B3A /* AppDelegate.swift */; };
		1674AD1E2312AF7E000D4B3A /* SceneDelegate.swift in Sources */ = {isa = PBXBuildFile; fileRef = 1674AD1D2312AF7E000D4B3A /* SceneDelegate.swift */; };
		1674AD202312AF7E000D4B3A /* ContentView.swift in Sources */ = {isa = PBXBuildFile; fileRef = 1674AD1F2312AF7E000D4B3A /* ContentView.swift */; };
		1674AD222312AF80000D4B3A /* Assets.xcassets in Resources */ = {isa = PBXBuildFile; fileRef = 1674AD212312AF80000D4B3A /* Assets.xcassets */; };
		1674AD252312AF80000D4B3A /* Preview Assets.xcassets in Resources */ = {isa = PBXBuildFile; fileRef = 1674AD242312AF80000D4B3A /* Preview Assets.xcassets */; };
		1674AD282312AF80000D4B3A /* LaunchScreen.storyboard in Resources */ = {isa = PBXBuildFile; fileRef = 1674AD262312AF80000D4B3A /* LaunchScreen.storyboard */; };
		1674AD312312B57C000D4B3A /* Item.swift in Sources */ = {isa = PBXBuildFile; fileRef = 1674AD302312B57C000D4B3A /* Item.swift */; };
/* End PBXBuildFile section */

/* Begin PBXFileReference section */
		1674AD182312AF7E000D4B3A /* LootLogger.app */ = {isa = PBXFileReference; explicitFileType = wrapper.application; includeInIndex = 0; path = LootLogger.app; sourceTree = BUILT_PRODUCTS_DIR; };
		1674AD1B2312AF7E000D4B3A /* AppDelegate.swift */ = {isa = PBXFileReference; lastKnownFileType = sourcecode.swift; path = AppDelegate.swift; sourceTree = "<group>"; };
		1674AD1D2312AF7E000D4B3A /* SceneDelegate.swift */ = {isa = PBXFileReference; lastKnownFileType = sourcecode.swift; path = SceneDelegate.swift; sourceTree = "<group>"; };
		1674AD1F2312AF7E000D4B3A /* ContentView.swift */ = {isa = PBXFileReference; lastKnownFileType = sourcecode.swift; path = ContentView.swift; sourceTree = "<group>"; };
		1674AD212312AF80000D4B3A /* Assets.xcassets */ = {isa = PBXFileReference; lastKnownFileType = folder.assetcatalog; path = Assets.xcassets; sourceTree = "<group>"; };
		1674AD242312AF80000D4B3A /* Preview Assets.xcassets */ = {isa = PBXFileReference; lastKnownFileType = folder.assetcatalog; path = "Preview Assets.xcassets"; sourceTree = "<group>"; };
		1674AD272312AF80000D4B3A /* Base */ = {isa = PBXFileReference; lastKnownFileType = file.storyboard; name = Base; path = Base.lproj/LaunchScreen.storyboard; sourceTree = "<group>"; };
		1674AD292312AF80000D4B3A /* Info.plist */ = {isa = PBXFileReference; lastKnownFileType = text.plist.xml; path = Info.plist; sourceTree = "<group>"; };
		1674AD302312B57C000D4B3A /* Item.swift */ = {isa = PBXFileReference; lastKnownFileType = sourcecode.swift; path = Item.swift; sourceTree = "<group>"; };
/* End PBXFileReference section */

/* Begin PBXFrameworksBuildPhase section */
		1674AD152312AF7E000D4B3A /* Frameworks */ = {
			isa = PBXFrameworksBuildPhase;
			buildActionMask = 2147483647;
			files = (
			);
			runOnlyForDeploymentPostprocessing = 0;
		};
/* End PBXFrameworksBuildPhase section */

/* Begin PBXGroup section */
		1674AD0F2312AF7E000D4B3A = {
			isa = PBXGroup;
			children = (
				1674AD1A2312AF7E000D4B3A /* LootLogger */,
			);
			sourceTree = "<group>";
		};
		1674AD192312AF7E000D4B3A /* Products */ = {
			isa = PBXGroup;
			children = (
				1674AD182312AF7E000D4B3A /* LootLogger.app */,
			);
			name = Products;
			path = ..;
			sourceTree = "<group>";
		};
		1674AD1A2312AF7E000D4B3A /* LootLogger */ = {
			isa = PBXGroup;
			children = (
				1674AD2F2312B51D000D4B3A /* Model */,
				1674AD1B2312AF7E000D4B3A /* AppDelegate.swift */,
				1674AD1D2312AF7E000D4B3A /* SceneDelegate.swift */,
				1674AD1F2312AF7E000D4B3A /* ContentView.swift */,
				1674AD192312AF7E000D4B3A /* Products */,
				1674AD212312AF80000D4B3A /* Assets.xcassets */,
				1674AD262312AF80000D4B3A /* LaunchScreen.storyboard */,
				1674AD292312AF80000D4B3A /* Info.plist */,
				1674AD232312AF80000D4B3A /* Preview Content */,
			);
			path = LootLogger;
			sourceTree = "<group>";
		};
		1674AD232312AF80000D4B3A /* Preview Content */ = {
			isa = PBXGroup;
			children = (
				1674AD242312AF80000D4B3A /* Preview Assets.xcassets */,
			);
			path = "Preview Content";
			sourceTree = "<group>";
		};
		1674AD2F2312B51D000D4B3A /* Model */ = {
			isa = PBXGroup;
			children = (
				1674AD302312B57C000D4B3A /* Item.swift */,
			);
			path = Model;
			sourceTree = "<group>";
		};
/* End PBXGroup section */

/* Begin PBXNativeTarget section */
		1674AD172312AF7E000D4B3A /* LootLogger */ = {
			isa = PBXNativeTarget;
			buildConfigurationList = 1674AD2C2312AF80000D4B3A /* Build configuration list for PBXNativeTarget "LootLogger" */;
			buildPhases = (
				1674AD142312AF7E000D4B3A /* Sources */,
				1674AD152312AF7E000D4B3A /* Frameworks */,
				1674AD162312AF7E000D4B3A /* Resources */,
			);
			buildRules = (
			);
			dependencies = (
			);
			name = LootLogger;
			productName = LootLogger;
			productReference = 1674AD182312AF7E000D4B3A /* LootLogger.app */;
			productType = "com.apple.product-type.application";
		};
/* End PBXNativeTarget section */

/* Begin PBXProject section */
		1674AD102312AF7E000D4B3A /* Project object */ = {
			isa = PBXProject;
			attributes = {
				LastSwiftUpdateCheck = 1100;
				LastUpgradeCheck = 1100;
				ORGANIZATIONNAME = "Big Nerd Ranch";
				TargetAttributes = {
					1674AD172312AF7E000D4B3A = {
						CreatedOnToolsVersion = 11.0;
					};
				};
			};
			buildConfigurationList = 1674AD132312AF7E000D4B3A /* Build configuration list for PBXProject "LootLogger" */;
			compatibilityVersion = "Xcode 9.3";
			developmentRegion = en;
			hasScannedForEncodings = 0;
			knownRegions = (
				en,
				Base,
			);
			mainGroup = 1674AD0F2312AF7E000D4B3A;
			productRefGroup = 1674AD192312AF7E000D4B3A /* Products */;
			projectDirPath = "";
			projectRoot = "";
			targets = (
				1674AD172312AF7E000D4B3A /* LootLogger */,
			);
		};
/* End PBXProject section */

/* Begin PBXResourcesBuildPhase section */
		1674AD162312AF7E000D4B3A /* Resources */ = {
			isa = PBXResourcesBuildPhase;
			buildActionMask = 2147483647;
			files = (
				1674AD282312AF80000D4B3A /* LaunchScreen.storyboard in Resources */,
				1674AD252312AF80000D4B3A /* Preview Assets.xcassets in Resources */,
				1674AD222312AF80000D4B3A /* Assets.xcassets in Resources */,
			);
			runOnlyForDeploymentPostprocessing = 0;
		};
/* End PBXResourcesBuildPhase section */

/* Begin PBXSourcesBuildPhase section */
		1674AD142312AF7E000D4B3A /* Sources */ = {
			isa = PBXSourcesBuildPhase;
			buildActionMask = 2147483647;
			files = (
				1674AD312312B57C000D4B3A /* Item.swift in Sources */,
				1674AD1C2312AF7E000D4B3A /* AppDelegate.swift in Sources */,
				1674AD1E2312AF7E000D4B3A /* SceneDelegate.swift in Sources */,
				1674AD202312AF7E000D4B3A /* ContentView.swift in Sources */,
			);
			runOnlyForDeploymentPostprocessing = 0;
		};
/* End PBXSourcesBuildPhase section */

/* Begin PBXVariantGroup section */
		1674AD262312AF80000D4B3A /* LaunchScreen.storyboard */ = {
			isa = PBXVariantGroup;
			children = (
				1674AD272312AF80000D4B3A /* Base */,
			);
			name = LaunchScreen.storyboard;
			sourceTree = "<group>";
		};
/* End PBXVariantGroup section */

/* Begin XCBuildConfiguration section */
		1674AD2A2312AF80000D4B3A /* Debug */ = {
			isa = XCBuildConfiguration;
			buildSettings = {
				ALWAYS_SEARCH_USER_PATHS = NO;
				CLANG_ANALYZER_NONNULL = YES;
				CLANG_ANALYZER_NUMBER_OBJECT_CONVERSION = YES_AGGRESSIVE;
				CLANG_CXX_LANGUAGE_STANDARD = "gnu++14";
				CLANG_CXX_LIBRARY = "libc++";
				CLANG_ENABLE_MODULES = YES;
				CLANG_ENABLE_OBJC_ARC = YES;
				CLANG_ENABLE_OBJC_WEAK = YES;
				CLANG_WARN_BLOCK_CAPTURE_AUTORELEASING = YES;
				CLANG_WARN_BOOL_CONVERSION = YES;
				CLANG_WARN_COMMA = YES;
				CLANG_WARN_CONSTANT_CONVERSION = YES;
				CLANG_WARN_DEPRECATED_OBJC_IMPLEMENTATIONS = YES;
				CLANG_WARN_DIRECT_OBJC_ISA_USAGE = YES_ERROR;
				CLANG_WARN_DOCUMENTATION_COMMENTS = YES;
				CLANG_WARN_EMPTY_BODY = YES;
				CLANG_WARN_ENUM_CONVERSION = YES;
				CLANG_WARN_INFINITE_RECURSION = YES;
				CLANG_WARN_INT_CONVERSION = YES;
				CLANG_WARN_NON_LITERAL_NULL_CONVERSION = YES;
				CLANG_WARN_OBJC_IMPLICIT_RETAIN_SELF = YES;
				CLANG_WARN_OBJC_LITERAL_CONVERSION = YES;
				CLANG_WARN_OBJC_ROOT_CLASS = YES_ERROR;
				CLANG_WARN_RANGE_LOOP_ANALYSIS = YES;
				CLANG_WARN_STRICT_PROTOTYPES = YES;
				CLANG_WARN_SUSPICIOUS_MOVE = YES;
				CLANG_WARN_UNGUARDED_AVAILABILITY = YES_AGGRESSIVE;
				CLANG_WARN_UNREACHABLE_CODE = YES;
				CLANG_WARN__DUPLICATE_METHOD_MATCH = YES;
				COPY_PHASE_STRIP = NO;
				DEBUG_INFORMATION_FORMAT = dwarf;
				ENABLE_STRICT_OBJC_MSGSEND = YES;
				ENABLE_TESTABILITY = YES;
				GCC_C_LANGUAGE_STANDARD = gnu11;
				GCC_DYNAMIC_NO_PIC = NO;
				GCC_NO_COMMON_BLOCKS = YES;
				GCC_OPTIMIZATION_LEVEL = 0;
				GCC_PREPROCESSOR_DEFINITIONS = (
					"DEBUG=1",
					"$(inherited)",
				);
				GCC_WARN_64_TO_32_BIT_CONVERSION = YES;
				GCC_WARN_ABOUT_RETURN_TYPE = YES_ERROR;
				GCC_WARN_UNDECLARED_SELECTOR = YES;
				GCC_WARN_UNINITIALIZED_AUTOS = YES_AGGRESSIVE;
				GCC_WARN_UNUSED_FUNCTION = YES;
				GCC_WARN_UNUSED_VARIABLE = YES;
				IPHONEOS_DEPLOYMENT_TARGET = 13.0;
				MTL_ENABLE_DEBUG_INFO = INCLUDE_SOURCE;
				MTL_FAST_MATH = YES;
				ONLY_ACTIVE_ARCH = YES;
				SDKROOT = iphoneos;
				SWIFT_ACTIVE_COMPILATION_CONDITIONS = DEBUG;
				SWIFT_OPTIMIZATION_LEVEL = "-Onone";
			};
			name = Debug;
		};
		1674AD2B2312AF80000D4B3A /* Release */ = {
			isa = XCBuildConfiguration;
			buildSettings = {
				ALWAYS_SEARCH_USER_PATHS = NO;
				CLANG_ANALYZER_NONNULL = YES;
				CLANG_ANALYZER_NUMBER_OBJECT_CONVERSION = YES_AGGRESSIVE;
				CLANG_CXX_LANGUAGE_STANDARD = "gnu++14";
				CLANG_CXX_LIBRARY = "libc++";
				CLANG_ENABLE_MODULES = YES;
				CLANG_ENABLE_OBJC_ARC = YES;
				CLANG_ENABLE_OBJC_WEAK = YES;
				CLANG_WARN_BLOCK_CAPTURE_AUTORELEASING = YES;
				CLANG_WARN_BOOL_CONVERSION = YES;
				CLANG_WARN_COMMA = YES;
				CLANG_WARN_CONSTANT_CONVERSION = YES;
				CLANG_WARN_DEPRECATED_OBJC_IMPLEMENTATIONS = YES;
				CLANG_WARN_DIRECT_OBJC_ISA_USAGE = YES_ERROR;
				CLANG_WARN_DOCUMENTATION_COMMENTS = YES;
				CLANG_WARN_EMPTY_BODY = YES;
				CLANG_WARN_ENUM_CONVERSION = YES;
				CLANG_WARN_INFINITE_RECURSION = YES;
				CLANG_WARN_INT_CONVERSION = YES;
				CLANG_WARN_NON_LITERAL_NULL_CONVERSION = YES;
				CLANG_WARN_OBJC_IMPLICIT_RETAIN_SELF = YES;
				CLANG_WARN_OBJC_LITERAL_CONVERSION = YES;
				CLANG_WARN_OBJC_ROOT_CLASS = YES_ERROR;
				CLANG_WARN_RANGE_LOOP_ANALYSIS = YES;
				CLANG_WARN_STRICT_PROTOTYPES = YES;
				CLANG_WARN_SUSPICIOUS_MOVE = YES;
				CLANG_WARN_UNGUARDED_AVAILABILITY = YES_AGGRESSIVE;
				CLANG_WARN_UNREACHABLE_CODE = YES;
				CLANG_WARN__DUPLICATE_METHOD_MATCH = YES;
				COPY_PHASE_STRIP = NO;
				DEBUG_INFORMATION_FORMAT = "dwarf-with-dsym";
				ENABLE_NS_ASSERTIONS = NO;
				ENABLE_STRICT_OBJC_MSGSEND = YES;
				GCC_C_LANGUAGE_STANDARD = gnu11;
				GCC_NO_COMMON_BLOCKS = YES;
				GCC_WARN_64_TO_32_BIT_CONVERSION = YES;
				GCC_WARN_ABOUT_RETURN_TYPE = YES_ERROR;
				GCC_WARN_UNDECLARED_SELECTOR = YES;
				GCC_WARN_UNINITIALIZED_AUTOS = YES_AGGRESSIVE;
				GCC_WARN_UNUSED_FUNCTION = YES;
				GCC_WARN_UNUSED_VARIABLE = YES;
				IPHONEOS_DEPLOYMENT_TARGET = 13.0;
				MTL_ENABLE_DEBUG_INFO = NO;
				MTL_FAST_MATH = YES;
				SDKROOT = iphoneos;
				SWIFT_COMPILATION_MODE = wholemodule;
				SWIFT_OPTIMIZATION_LEVEL = "-O";
				VALIDATE_PRODUCT = YES;
			};
			name = Release;
		};
		1674AD2D2312AF80000D4B3A /* Debug */ = {
			isa = XCBuildConfiguration;
			buildSettings = {
				ASSETCATALOG_COMPILER_APPICON_NAME = AppIcon;
				CODE_SIGN_STYLE = Automatic;
				DEVELOPMENT_ASSET_PATHS = "\"LootLogger/Preview Content\"";
				ENABLE_PREVIEWS = YES;
				INFOPLIST_FILE = LootLogger/Info.plist;
				LD_RUNPATH_SEARCH_PATHS = (
					"$(inherited)",
					"@executable_path/Frameworks",
				);
				PRODUCT_BUNDLE_IDENTIFIER = com.bnr.LootLogger;
				PRODUCT_NAME = "$(TARGET_NAME)";
				SWIFT_VERSION = 5.0;
				TARGETED_DEVICE_FAMILY = "1,2";
			};
			name = Debug;
		};
		1674AD2E2312AF80000D4B3A /* Release */ = {
			isa = XCBuildConfiguration;
			buildSettings = {
				ASSETCATALOG_COMPILER_APPICON_NAME = AppIcon;
				CODE_SIGN_STYLE = Automatic;
				DEVELOPMENT_ASSET_PATHS = "\"LootLogger/Preview Content\"";
				ENABLE_PREVIEWS = YES;
				INFOPLIST_FILE = LootLogger/Info.plist;
				LD_RUNPATH_SEARCH_PATHS = (
					"$(inherited)",
					"@executable_path/Frameworks",
				);
				PRODUCT_BUNDLE_IDENTIFIER = com.bnr.LootLogger;
				PRODUCT_NAME = "$(TARGET_NAME)";
				SWIFT_VERSION = 5.0;
				TARGETED_DEVICE_FAMILY = "1,2";
			};
			name = Release;
		};
/* End XCBuildConfiguration section */

/* Begin XCConfigurationList section */
		1674AD132312AF7E000D4B3A /* Build configuration list for PBXProject "LootLogger" */ = {
			isa = XCConfigurationList;
			buildConfigurations = (
				1674AD2A2312AF80000D4B3A /* Debug */,
				1674AD2B2312AF80000D4B3A /* Release */,
			);
			defaultConfigurationIsVisible = 0;
			defaultConfigurationName = Release;
		};
		1674AD2C2312AF80000D4B3A /* Build configuration list for PBXNativeTarget "LootLogger" */ = {
			isa = XCConfigurationList;
			buildConfigurations = (
				1674AD2D2312AF80000D4B3A /* Debug */,
				1674AD2E2312AF80000D4B3A /* Release */,
			);
			defaultConfigurationIsVisible = 0;
			defaultConfigurationName = Release;
		};
/* End XCConfigurationList section */
	};
	rootObject = 1674AD102312AF7E000D4B3A /* Project object */;
}
